
Microsoft Visual Studio Solution File, Format Version 12.00
# Visual Studio Version 16
VisualStudioVersion = 16.0.30804.86
MinimumVisualStudioVersion = 10.0.40219.1
Project("{F184B08F-C81C-45F6-A57F-5ABD9991F28F}") = "Test", "Test.vbproj", "{76EE67D0-05EA-457F-8C0C-BF6543CE8D9B}"
EndProject
Global
	GlobalSection(SolutionConfigurationPlatforms) = preSolution
		Debug|Any CPU = Debug|Any CPU
		Release|Any CPU = Release|Any CPU
	EndGlobalSection
	GlobalSection(ProjectConfigurationPlatforms) = postSolution
		{76EE67D0-05EA-457F-8C0C-BF6543CE8D9B}.Debug|Any CPU.ActiveCfg = Debug|Any CPU
		{76EE67D0-05EA-457F-8C0C-BF6543CE8D9B}.Debug|Any CPU.Build.0 = Debug|Any CPU
		{76EE67D0-05EA-457F-8C0C-BF6543CE8D9B}.Release|Any CPU.ActiveCfg = Release|Any CPU
		{76EE67D0-05EA-457F-8C0C-BF6543CE8D9B}.Release|Any CPU.Build.0 = Release|Any CPU
	EndGlobalSection
	GlobalSection(SolutionProperties) = preSolution
		HideSolutionNode = FALSE
	EndGlobalSection
	GlobalSection(ExtensibilityGlobals) = postSolution
		SolutionGuid = {84E9CCDF-E28F-4F51-8635-B78A95942878}
	EndGlobalSection
EndGlobal
